
Microsoft Visual Studio Solution File, Format Version 12.00
Project("{FAE04EC0-301F-11D3-BF4B-00C04F79EFBC}") = "Cpp2IL", "Cpp2IL\Cpp2IL.csproj", "{E8BA3E8E-3CDC-4562-AE61-CA48ECA270DE}"
EndProject
Project("{FAE04EC0-301F-11D3-BF4B-00C04F79EFBC}") = "LibCpp2IL", "LibCpp2IL\LibCpp2IL.csproj", "{7C9601B4-B53B-48CD-866F-DB908B3BF54D}"
EndProject
Project("{2150E333-8FDC-42A3-9474-1A3956D46DE8}") = "Solution Items", "Solution Items", "{46226B08-22BA-455E-8B99-F496E90EDCBC}"
	ProjectSection(SolutionItems) = preProject
		.gitignore = .gitignore
		README.md = README.md
		LibCpp2Il/README.md = LibCpp2Il/README.md
		LICENSE = LICENSE
		.github\FUNDING.yml = .github\FUNDING.yml
		.github\workflows\dotnet-core.yml = .github\workflows\dotnet-core.yml
		.github\workflows\dotnet-core-pull.yml = .github\workflows\dotnet-core-pull.yml
		Cpp2IL.Core\README_CORE.md = Cpp2IL.Core\README_CORE.md
	EndProjectSection
EndProject
Project("{FAE04EC0-301F-11D3-BF4B-00C04F79EFBC}") = "LibCpp2ILTests", "LibCpp2ILTests\LibCpp2ILTests.csproj", "{EB3CFC80-2125-48D2-AA2F-548F5AA58342}"
EndProject
Project("{FAE04EC0-301F-11D3-BF4B-00C04F79EFBC}") = "Cpp2IL.Core", "Cpp2IL.Core\Cpp2IL.Core.csproj", "{81509778-676E-4DC3-89FE-56BC5E37CCE6}"
EndProject
Project("{FAE04EC0-301F-11D3-BF4B-00C04F79EFBC}") = "ReadExceptionInfo", "ReadExceptionInfo\ReadExceptionInfo.csproj", "{682FBE6D-D654-4A9F-93FA-01C6CD10F45B}"
EndProject
Project("{FAE04EC0-301F-11D3-BF4B-00C04F79EFBC}") = "Echo.Platforms.Iced", "Echo\src\Platforms\Echo.Platforms.Iced\Echo.Platforms.Iced.csproj", "{58F8616E-EC00-4BB9-9EB6-40C4D5C31C15}"
EndProject
Project("{FAE04EC0-301F-11D3-BF4B-00C04F79EFBC}") = "Echo.Core", "Echo\src\Core\Echo.Core\Echo.Core.csproj", "{0D1ED543-1AEB-4899-A55A-0732732CFB29}"
EndProject
Project("{FAE04EC0-301F-11D3-BF4B-00C04F79EFBC}") = "Echo.ControlFlow", "Echo\src\Core\Echo.ControlFlow\Echo.ControlFlow.csproj", "{2E5DD72F-6C2D-4BB7-AA53-F727A12C0D63}"
EndProject
Project("{2150E333-8FDC-42A3-9474-1A3956D46DE8}") = "Echo", "Echo", "{55D37216-5562-4225-8856-DF46500FBA99}"
EndProject
Project("{FAE04EC0-301F-11D3-BF4B-00C04F79EFBC}") = "Echo.DataFlow", "Echo\src\Core\Echo.DataFlow\Echo.DataFlow.csproj", "{527CD6F8-058B-4FBA-8D9F-4077BA0808E5}"
EndProject
Project("{FAE04EC0-301F-11D3-BF4B-00C04F79EFBC}") = "Echo.ControlFlow.Tests", "Echo\test\Core\Echo.ControlFlow.Tests\Echo.ControlFlow.Tests.csproj", "{2A16D1E6-29FA-4952-A14C-6C32FB2068C6}"
EndProject
Project("{FAE04EC0-301F-11D3-BF4B-00C04F79EFBC}") = "Echo.Platforms.DummyPlatform", "Echo\test\Platforms\Echo.Platforms.DummyPlatform\Echo.Platforms.DummyPlatform.csproj", "{C0FAC983-7CA5-4F52-8985-8ED20EAAB857}"
EndProject
Global
	GlobalSection(SolutionConfigurationPlatforms) = preSolution
		Debug|Any CPU = Debug|Any CPU
		Release|Any CPU = Release|Any CPU
	EndGlobalSection
	GlobalSection(ProjectConfigurationPlatforms) = postSolution
		{E8BA3E8E-3CDC-4562-AE61-CA48ECA270DE}.Release|Any CPU.ActiveCfg = Release|Any CPU
		{E8BA3E8E-3CDC-4562-AE61-CA48ECA270DE}.Release|Any CPU.Build.0 = Release|Any CPU
		{E8BA3E8E-3CDC-4562-AE61-CA48ECA270DE}.Debug|Any CPU.ActiveCfg = Debug|x64
		{E8BA3E8E-3CDC-4562-AE61-CA48ECA270DE}.Debug|Any CPU.Build.0 = Debug|x64
		{7C9601B4-B53B-48CD-866F-DB908B3BF54D}.Debug|Any CPU.ActiveCfg = Debug|Any CPU
		{7C9601B4-B53B-48CD-866F-DB908B3BF54D}.Debug|Any CPU.Build.0 = Debug|Any CPU
		{7C9601B4-B53B-48CD-866F-DB908B3BF54D}.Release|Any CPU.ActiveCfg = Release|Any CPU
		{7C9601B4-B53B-48CD-866F-DB908B3BF54D}.Release|Any CPU.Build.0 = Release|Any CPU
		{EB3CFC80-2125-48D2-AA2F-548F5AA58342}.Debug|Any CPU.ActiveCfg = Debug|Any CPU
		{EB3CFC80-2125-48D2-AA2F-548F5AA58342}.Debug|Any CPU.Build.0 = Debug|Any CPU
		{EB3CFC80-2125-48D2-AA2F-548F5AA58342}.Release|Any CPU.ActiveCfg = Release|Any CPU
		{EB3CFC80-2125-48D2-AA2F-548F5AA58342}.Release|Any CPU.Build.0 = Release|Any CPU
		{81509778-676E-4DC3-89FE-56BC5E37CCE6}.Debug|Any CPU.ActiveCfg = Debug|Any CPU
		{81509778-676E-4DC3-89FE-56BC5E37CCE6}.Debug|Any CPU.Build.0 = Debug|Any CPU
		{81509778-676E-4DC3-89FE-56BC5E37CCE6}.Release|Any CPU.ActiveCfg = Release|Any CPU
		{81509778-676E-4DC3-89FE-56BC5E37CCE6}.Release|Any CPU.Build.0 = Release|Any CPU
		{682FBE6D-D654-4A9F-93FA-01C6CD10F45B}.Debug|Any CPU.ActiveCfg = Debug|Any CPU
		{682FBE6D-D654-4A9F-93FA-01C6CD10F45B}.Debug|Any CPU.Build.0 = Debug|Any CPU
		{682FBE6D-D654-4A9F-93FA-01C6CD10F45B}.Release|Any CPU.ActiveCfg = Release|Any CPU
		{682FBE6D-D654-4A9F-93FA-01C6CD10F45B}.Release|Any CPU.Build.0 = Release|Any CPU
		{58F8616E-EC00-4BB9-9EB6-40C4D5C31C15}.Debug|Any CPU.ActiveCfg = Debug|Any CPU
		{58F8616E-EC00-4BB9-9EB6-40C4D5C31C15}.Debug|Any CPU.Build.0 = Debug|Any CPU
		{58F8616E-EC00-4BB9-9EB6-40C4D5C31C15}.Release|Any CPU.ActiveCfg = Release|Any CPU
		{58F8616E-EC00-4BB9-9EB6-40C4D5C31C15}.Release|Any CPU.Build.0 = Release|Any CPU
		{0D1ED543-1AEB-4899-A55A-0732732CFB29}.Debug|Any CPU.ActiveCfg = Debug|Any CPU
		{0D1ED543-1AEB-4899-A55A-0732732CFB29}.Debug|Any CPU.Build.0 = Debug|Any CPU
		{0D1ED543-1AEB-4899-A55A-0732732CFB29}.Release|Any CPU.ActiveCfg = Release|Any CPU
		{0D1ED543-1AEB-4899-A55A-0732732CFB29}.Release|Any CPU.Build.0 = Release|Any CPU
		{2E5DD72F-6C2D-4BB7-AA53-F727A12C0D63}.Debug|Any CPU.ActiveCfg = Debug|Any CPU
		{2E5DD72F-6C2D-4BB7-AA53-F727A12C0D63}.Debug|Any CPU.Build.0 = Debug|Any CPU
		{2E5DD72F-6C2D-4BB7-AA53-F727A12C0D63}.Release|Any CPU.ActiveCfg = Release|Any CPU
		{2E5DD72F-6C2D-4BB7-AA53-F727A12C0D63}.Release|Any CPU.Build.0 = Release|Any CPU
		{527CD6F8-058B-4FBA-8D9F-4077BA0808E5}.Debug|Any CPU.ActiveCfg = Debug|Any CPU
		{527CD6F8-058B-4FBA-8D9F-4077BA0808E5}.Debug|Any CPU.Build.0 = Debug|Any CPU
		{527CD6F8-058B-4FBA-8D9F-4077BA0808E5}.Release|Any CPU.ActiveCfg = Release|Any CPU
		{527CD6F8-058B-4FBA-8D9F-4077BA0808E5}.Release|Any CPU.Build.0 = Release|Any CPU
		{2A16D1E6-29FA-4952-A14C-6C32FB2068C6}.Debug|Any CPU.ActiveCfg = Debug|Any CPU
		{2A16D1E6-29FA-4952-A14C-6C32FB2068C6}.Debug|Any CPU.Build.0 = Debug|Any CPU
		{2A16D1E6-29FA-4952-A14C-6C32FB2068C6}.Release|Any CPU.ActiveCfg = Release|Any CPU
		{2A16D1E6-29FA-4952-A14C-6C32FB2068C6}.Release|Any CPU.Build.0 = Release|Any CPU
		{C0FAC983-7CA5-4F52-8985-8ED20EAAB857}.Debug|Any CPU.ActiveCfg = Debug|Any CPU
		{C0FAC983-7CA5-4F52-8985-8ED20EAAB857}.Debug|Any CPU.Build.0 = Debug|Any CPU
		{C0FAC983-7CA5-4F52-8985-8ED20EAAB857}.Release|Any CPU.ActiveCfg = Release|Any CPU
		{C0FAC983-7CA5-4F52-8985-8ED20EAAB857}.Release|Any CPU.Build.0 = Release|Any CPU
	EndGlobalSection
	GlobalSection(NestedProjects) = preSolution
		{58F8616E-EC00-4BB9-9EB6-40C4D5C31C15} = {55D37216-5562-4225-8856-DF46500FBA99}
		{0D1ED543-1AEB-4899-A55A-0732732CFB29} = {55D37216-5562-4225-8856-DF46500FBA99}
		{2E5DD72F-6C2D-4BB7-AA53-F727A12C0D63} = {55D37216-5562-4225-8856-DF46500FBA99}
		{527CD6F8-058B-4FBA-8D9F-4077BA0808E5} = {55D37216-5562-4225-8856-DF46500FBA99}
		{2A16D1E6-29FA-4952-A14C-6C32FB2068C6} = {55D37216-5562-4225-8856-DF46500FBA99}
		{C0FAC983-7CA5-4F52-8985-8ED20EAAB857} = {55D37216-5562-4225-8856-DF46500FBA99}
	EndGlobalSection
EndGlobal
